// !$*UTF8*$!
{
	archiveVersion = 1;
	classes = {
	};
	objectVersion = 50;
	objects = {

/* Begin PBXBuildFile section */
		3AB70C8221ACD60600692A62 /* AppDelegate.swift in Sources */ = {isa = PBXBuildFile; fileRef = 3AB70C8121ACD60600692A62 /* AppDelegate.swift */; };
		3AB70C8421ACD60600692A62 /* ViewController.swift in Sources */ = {isa = PBXBuildFile; fileRef = 3AB70C8321ACD60600692A62 /* ViewController.swift */; };
		3AB70C8721ACD60600692A62 /* Main.storyboard in Resources */ = {isa = PBXBuildFile; fileRef = 3AB70C8521ACD60600692A62 /* Main.storyboard */; };
		3AB70C8921ACD60800692A62 /* Assets.xcassets in Resources */ = {isa = PBXBuildFile; fileRef = 3AB70C8821ACD60800692A62 /* Assets.xcassets */; };
		3AB70C8C21ACD60800692A62 /* LaunchScreen.storyboard in Resources */ = {isa = PBXBuildFile; fileRef = 3AB70C8A21ACD60800692A62 /* LaunchScreen.storyboard */; };
		3AB70C9721ACD60800692A62 /* ProjectTemplateTests.swift in Sources */ = {isa = PBXBuildFile; fileRef = 3AB70C9621ACD60800692A62 /* ProjectTemplateTests.swift */; };
		3AB70CA221ACD60800692A62 /* ProjectTemplateUITests.swift in Sources */ = {isa = PBXBuildFile; fileRef = 3AB70CA121ACD60800692A62 /* ProjectTemplateUITests.swift */; };
/* End PBXBuildFile section */

/* Begin PBXContainerItemProxy section */
		3AB70C9321ACD60800692A62 /* PBXContainerItemProxy */ = {
			isa = PBXContainerItemProxy;
			containerPortal = 3AB70C7621ACD60600692A62 /* Project object */;
			proxyType = 1;
			remoteGlobalIDString = 3AB70C7D21ACD60600692A62;
			remoteInfo = ProjectTemplate;
		};
		3AB70C9E21ACD60800692A62 /* PBXContainerItemProxy */ = {
			isa = PBXContainerItemProxy;
			containerPortal = 3AB70C7621ACD60600692A62 /* Project object */;
			proxyType = 1;
			remoteGlobalIDString = 3AB70C7D21ACD60600692A62;
			remoteInfo = ProjectTemplate;
		};
/* End PBXContainerItemProxy section */

/* Begin PBXFileReference section */
		3AB70C7E21ACD60600692A62 /* ProjectTemplate.app */ = {isa = PBXFileReference; explicitFileType = wrapper.application; includeInIndex = 0; path = ProjectTemplate.app; sourceTree = BUILT_PRODUCTS_DIR; };
		3AB70C8121ACD60600692A62 /* AppDelegate.swift */ = {isa = PBXFileReference; lastKnownFileType = sourcecode.swift; path = AppDelegate.swift; sourceTree = "<group>"; };
		3AB70C8321ACD60600692A62 /* ViewController.swift */ = {isa = PBXFileReference; lastKnownFileType = sourcecode.swift; path = ViewController.swift; sourceTree = "<group>"; };
		3AB70C8621ACD60600692A62 /* Base */ = {isa = PBXFileReference; lastKnownFileType = file.storyboard; name = Base; path = Base.lproj/Main.storyboard; sourceTree = "<group>"; };
		3AB70C8821ACD60800692A62 /* Assets.xcassets */ = {isa = PBXFileReference; lastKnownFileType = folder.assetcatalog; path = Assets.xcassets; sourceTree = "<group>"; };
		3AB70C8B21ACD60800692A62 /* Base */ = {isa = PBXFileReference; lastKnownFileType = file.storyboard; name = Base; path = Base.lproj/LaunchScreen.storyboard; sourceTree = "<group>"; };
		3AB70C8D21ACD60800692A62 /* Info.plist */ = {isa = PBXFileReference; lastKnownFileType = text.plist.xml; path = Info.plist; sourceTree = "<group>"; };
		3AB70C9221ACD60800692A62 /* ProjectTemplateTests.xctest */ = {isa = PBXFileReference; explicitFileType = wrapper.cfbundle; includeInIndex = 0; path = ProjectTemplateTests.xctest; sourceTree = BUILT_PRODUCTS_DIR; };
		3AB70C9621ACD60800692A62 /* ProjectTemplateTests.swift */ = {isa = PBXFileReference; lastKnownFileType = sourcecode.swift; path = ProjectTemplateTests.swift; sourceTree = "<group>"; };
		3AB70C9821ACD60800692A62 /* Info.plist */ = {isa = PBXFileReference; lastKnownFileType = text.plist.xml; path = Info.plist; sourceTree = "<group>"; };
		3AB70C9D21ACD60800692A62 /* ProjectTemplateUITests.xctest */ = {isa = PBXFileReference; explicitFileType = wrapper.cfbundle; includeInIndex = 0; path = ProjectTemplateUITests.xctest; sourceTree = BUILT_PRODUCTS_DIR; };
		3AB70CA121ACD60800692A62 /* ProjectTemplateUITests.swift */ = {isa = PBXFileReference; lastKnownFileType = sourcecode.swift; path = ProjectTemplateUITests.swift; sourceTree = "<group>"; };
		3AB70CA321ACD60800692A62 /* Info.plist */ = {isa = PBXFileReference; lastKnownFileType = text.plist.xml; path = Info.plist; sourceTree = "<group>"; };
/* End PBXFileReference section */

/* Begin PBXFrameworksBuildPhase section */
		3AB70C7B21ACD60600692A62 /* Frameworks */ = {
			isa = PBXFrameworksBuildPhase;
			buildActionMask = 2147483647;
			files = (
			);
			runOnlyForDeploymentPostprocessing = 0;
		};
		3AB70C8F21ACD60800692A62 /* Frameworks */ = {
			isa = PBXFrameworksBuildPhase;
			buildActionMask = 2147483647;
			files = (
			);
			runOnlyForDeploymentPostprocessing = 0;
		};
		3AB70C9A21ACD60800692A62 /* Frameworks */ = {
			isa = PBXFrameworksBuildPhase;
			buildActionMask = 2147483647;
			files = (
			);
			runOnlyForDeploymentPostprocessing = 0;
		};
/* End PBXFrameworksBuildPhase section */

/* Begin PBXGroup section */
		3AB70C7521ACD60600692A62 = {
			isa = PBXGroup;
			children = (
				3AB70C8021ACD60600692A62 /* ProjectTemplate */,
				3AB70C9521ACD60800692A62 /* ProjectTemplateTests */,
				3AB70CA021ACD60800692A62 /* ProjectTemplateUITests */,
				3AB70C7F21ACD60600692A62 /* Products */,
			);
			sourceTree = "<group>";
		};
		3AB70C7F21ACD60600692A62 /* Products */ = {
			isa = PBXGroup;
			children = (
				3AB70C7E21ACD60600692A62 /* ProjectTemplate.app */,
				3AB70C9221ACD60800692A62 /* ProjectTemplateTests.xctest */,
				3AB70C9D21ACD60800692A62 /* ProjectTemplateUITests.xctest */,
			);
			name = Products;
			sourceTree = "<group>";
		};
		3AB70C8021ACD60600692A62 /* ProjectTemplate */ = {
			isa = PBXGroup;
			children = (
				3AB70C8121ACD60600692A62 /* AppDelegate.swift */,
				3AB70C8321ACD60600692A62 /* ViewController.swift */,
				3AB70C8521ACD60600692A62 /* Main.storyboard */,
				3AB70C8821ACD60800692A62 /* Assets.xcassets */,
				3AB70C8A21ACD60800692A62 /* LaunchScreen.storyboard */,
				3AB70C8D21ACD60800692A62 /* Info.plist */,
			);
			path = ProjectTemplate;
			sourceTree = "<group>";
		};
		3AB70C9521ACD60800692A62 /* ProjectTemplateTests */ = {
			isa = PBXGroup;
			children = (
				3AB70C9621ACD60800692A62 /* ProjectTemplateTests.swift */,
				3AB70C9821ACD60800692A62 /* Info.plist */,
			);
			path = ProjectTemplateTests;
			sourceTree = "<group>";
		};
		3AB70CA021ACD60800692A62 /* ProjectTemplateUITests */ = {
			isa = PBXGroup;
			children = (
				3AB70CA121ACD60800692A62 /* ProjectTemplateUITests.swift */,
				3AB70CA321ACD60800692A62 /* Info.plist */,
			);
			path = ProjectTemplateUITests;
			sourceTree = "<group>";
		};
/* End PBXGroup section */

/* Begin PBXNativeTarget section */
		3AB70C7D21ACD60600692A62 /* ProjectTemplate */ = {
			isa = PBXNativeTarget;
			buildConfigurationList = 3AB70CA621ACD60800692A62 /* Build configuration list for PBXNativeTarget "ProjectTemplate" */;
			buildPhases = (
				3AB70C7A21ACD60600692A62 /* Sources */,
				3AB70C7B21ACD60600692A62 /* Frameworks */,
				3AB70C7C21ACD60600692A62 /* Resources */,
			);
			buildRules = (
			);
			dependencies = (
			);
			name = ProjectTemplate;
			productName = ProjectTemplate;
			productReference = 3AB70C7E21ACD60600692A62 /* ProjectTemplate.app */;
			productType = "com.apple.product-type.application";
		};
		3AB70C9121ACD60800692A62 /* ProjectTemplateTests */ = {
			isa = PBXNativeTarget;
			buildConfigurationList = 3AB70CA921ACD60800692A62 /* Build configuration list for PBXNativeTarget "ProjectTemplateTests" */;
			buildPhases = (
				3AB70C8E21ACD60800692A62 /* Sources */,
				3AB70C8F21ACD60800692A62 /* Frameworks */,
				3AB70C9021ACD60800692A62 /* Resources */,
			);
			buildRules = (
			);
			dependencies = (
				3AB70C9421ACD60800692A62 /* PBXTargetDependency */,
			);
			name = ProjectTemplateTests;
			productName = ProjectTemplateTests;
			productReference = 3AB70C9221ACD60800692A62 /* ProjectTemplateTests.xctest */;
			productType = "com.apple.product-type.bundle.unit-test";
		};
		3AB70C9C21ACD60800692A62 /* ProjectTemplateUITests */ = {
			isa = PBXNativeTarget;
			buildConfigurationList = 3AB70CAC21ACD60800692A62 /* Build configuration list for PBXNativeTarget "ProjectTemplateUITests" */;
			buildPhases = (
				3AB70C9921ACD60800692A62 /* Sources */,
				3AB70C9A21ACD60800692A62 /* Frameworks */,
				3AB70C9B21ACD60800692A62 /* Resources */,
			);
			buildRules = (
			);
			dependencies = (
				3AB70C9F21ACD60800692A62 /* PBXTargetDependency */,
			);
			name = ProjectTemplateUITests;
			productName = ProjectTemplateUITests;
			productReference = 3AB70C9D21ACD60800692A62 /* ProjectTemplateUITests.xctest */;
			productType = "com.apple.product-type.bundle.ui-testing";
		};
/* End PBXNativeTarget section */

/* Begin PBXProject section */
		3AB70C7621ACD60600692A62 /* Project object */ = {
			isa = PBXProject;
			attributes = {
				LastSwiftUpdateCheck = 1010;
				LastUpgradeCheck = 1010;
				ORGANIZATIONNAME = cloudist;
				TargetAttributes = {
					3AB70C7D21ACD60600692A62 = {
						CreatedOnToolsVersion = 10.1;
					};
					3AB70C9121ACD60800692A62 = {
						CreatedOnToolsVersion = 10.1;
						TestTargetID = 3AB70C7D21ACD60600692A62;
					};
					3AB70C9C21ACD60800692A62 = {
						CreatedOnToolsVersion = 10.1;
						TestTargetID = 3AB70C7D21ACD60600692A62;
					};
				};
			};
			buildConfigurationList = 3AB70C7921ACD60600692A62 /* Build configuration list for PBXProject "ProjectTemplate" */;
			compatibilityVersion = "Xcode 9.3";
			developmentRegion = en;
			hasScannedForEncodings = 0;
			knownRegions = (
				en,
				Base,
			);
			mainGroup = 3AB70C7521ACD60600692A62;
			productRefGroup = 3AB70C7F21ACD60600692A62 /* Products */;
			projectDirPath = "";
			projectRoot = "";
			targets = (
				3AB70C7D21ACD60600692A62 /* ProjectTemplate */,
				3AB70C9121ACD60800692A62 /* ProjectTemplateTests */,
				3AB70C9C21ACD60800692A62 /* ProjectTemplateUITests */,
			);
		};
/* End PBXProject section */

/* Begin PBXResourcesBuildPhase section */
		3AB70C7C21ACD60600692A62 /* Resources */ = {
			isa = PBXResourcesBuildPhase;
			buildActionMask = 2147483647;
			files = (
				3AB70C8C21ACD60800692A62 /* LaunchScreen.storyboard in Resources */,
				3AB70C8921ACD60800692A62 /* Assets.xcassets in Resources */,
				3AB70C8721ACD60600692A62 /* Main.storyboard in Resources */,
			);
			runOnlyForDeploymentPostprocessing = 0;
		};
		3AB70C9021ACD60800692A62 /* Resources */ = {
			isa = PBXResourcesBuildPhase;
			buildActionMask = 2147483647;
			files = (
			);
			runOnlyForDeploymentPostprocessing = 0;
		};
		3AB70C9B21ACD60800692A62 /* Resources */ = {
			isa = PBXResourcesBuildPhase;
			buildActionMask = 2147483647;
			files = (
			);
			runOnlyForDeploymentPostprocessing = 0;
		};
/* End PBXResourcesBuildPhase section */

/* Begin PBXSourcesBuildPhase section */
		3AB70C7A21ACD60600692A62 /* Sources */ = {
			isa = PBXSourcesBuildPhase;
			buildActionMask = 2147483647;
			files = (
				3AB70C8421ACD60600692A62 /* ViewController.swift in Sources */,
				3AB70C8221ACD60600692A62 /* AppDelegate.swift in Sources */,
			);
			runOnlyForDeploymentPostprocessing = 0;
		};
		3AB70C8E21ACD60800692A62 /* Sources */ = {
			isa = PBXSourcesBuildPhase;
			buildActionMask = 2147483647;
			files = (
				3AB70C9721ACD60800692A62 /* ProjectTemplateTests.swift in Sources */,
			);
			runOnlyForDeploymentPostprocessing = 0;
		};
		3AB70C9921ACD60800692A62 /* Sources */ = {
			isa = PBXSourcesBuildPhase;
			buildActionMask = 2147483647;
			files = (
				3AB70CA221ACD60800692A62 /* ProjectTemplateUITests.swift in Sources */,
			);
			runOnlyForDeploymentPostprocessing = 0;
		};
/* End PBXSourcesBuildPhase section */

/* Begin PBXTargetDependency section */
		3AB70C9421ACD60800692A62 /* PBXTargetDependency */ = {
			isa = PBXTargetDependency;
			target = 3AB70C7D21ACD60600692A62 /* ProjectTemplate */;
			targetProxy = 3AB70C9321ACD60800692A62 /* PBXContainerItemProxy */;
		};
		3AB70C9F21ACD60800692A62 /* PBXTargetDependency */ = {
			isa = PBXTargetDependency;
			target = 3AB70C7D21ACD60600692A62 /* ProjectTemplate */;
			targetProxy = 3AB70C9E21ACD60800692A62 /* PBXContainerItemProxy */;
		};
/* End PBXTargetDependency section */

/* Begin PBXVariantGroup section */
		3AB70C8521ACD60600692A62 /* Main.storyboard */ = {
			isa = PBXVariantGroup;
			children = (
				3AB70C8621ACD60600692A62 /* Base */,
			);
			name = Main.storyboard;
			sourceTree = "<group>";
		};
		3AB70C8A21ACD60800692A62 /* LaunchScreen.storyboard */ = {
			isa = PBXVariantGroup;
			children = (
				3AB70C8B21ACD60800692A62 /* Base */,
			);
			name = LaunchScreen.storyboard;
			sourceTree = "<group>";
		};
/* End PBXVariantGroup section */

/* Begin XCBuildConfiguration section */
		3AB70CA421ACD60800692A62 /* Debug */ = {
			isa = XCBuildConfiguration;
			buildSettings = {
				ALWAYS_SEARCH_USER_PATHS = NO;
				CLANG_ANALYZER_NONNULL = YES;
				CLANG_ANALYZER_NUMBER_OBJECT_CONVERSION = YES_AGGRESSIVE;
				CLANG_CXX_LANGUAGE_STANDARD = "gnu++14";
				CLANG_CXX_LIBRARY = "libc++";
				CLANG_ENABLE_MODULES = YES;
				CLANG_ENABLE_OBJC_ARC = YES;
				CLANG_ENABLE_OBJC_WEAK = YES;
				CLANG_WARN_BLOCK_CAPTURE_AUTORELEASING = YES;
				CLANG_WARN_BOOL_CONVERSION = YES;
				CLANG_WARN_COMMA = YES;
				CLANG_WARN_CONSTANT_CONVERSION = YES;
				CLANG_WARN_DEPRECATED_OBJC_IMPLEMENTATIONS = YES;
				CLANG_WARN_DIRECT_OBJC_ISA_USAGE = YES_ERROR;
				CLANG_WARN_DOCUMENTATION_COMMENTS = YES;
				CLANG_WARN_EMPTY_BODY = YES;
				CLANG_WARN_ENUM_CONVERSION = YES;
				CLANG_WARN_INFINITE_RECURSION = YES;
				CLANG_WARN_INT_CONVERSION = YES;
				CLANG_WARN_NON_LITERAL_NULL_CONVERSION = YES;
				CLANG_WARN_OBJC_IMPLICIT_RETAIN_SELF = YES;
				CLANG_WARN_OBJC_LITERAL_CONVERSION = YES;
				CLANG_WARN_OBJC_ROOT_CLASS = YES_ERROR;
				CLANG_WARN_RANGE_LOOP_ANALYSIS = YES;
				CLANG_WARN_STRICT_PROTOTYPES = YES;
				CLANG_WARN_SUSPICIOUS_MOVE = YES;
				CLANG_WARN_UNGUARDED_AVAILABILITY = YES_AGGRESSIVE;
				CLANG_WARN_UNREACHABLE_CODE = YES;
				CLANG_WARN__DUPLICATE_METHOD_MATCH = YES;
				CODE_SIGN_IDENTITY = "iPhone Developer";
				COPY_PHASE_STRIP = NO;
				DEBUG_INFORMATION_FORMAT = dwarf;
				ENABLE_STRICT_OBJC_MSGSEND = YES;
				ENABLE_TESTABILITY = YES;
				GCC_C_LANGUAGE_STANDARD = gnu11;
				GCC_DYNAMIC_NO_PIC = NO;
				GCC_NO_COMMON_BLOCKS = YES;
				GCC_OPTIMIZATION_LEVEL = 0;
				GCC_PREPROCESSOR_DEFINITIONS = (
					"DEBUG=1",
					"$(inherited)",
				);
				GCC_WARN_64_TO_32_BIT_CONVERSION = YES;
				GCC_WARN_ABOUT_RETURN_TYPE = YES_ERROR;
				GCC_WARN_UNDECLARED_SELECTOR = YES;
				GCC_WARN_UNINITIALIZED_AUTOS = YES_AGGRESSIVE;
				GCC_WARN_UNUSED_FUNCTION = YES;
				GCC_WARN_UNUSED_VARIABLE = YES;
				IPHONEOS_DEPLOYMENT_TARGET = 12.1;
				MTL_ENABLE_DEBUG_INFO = INCLUDE_SOURCE;
				MTL_FAST_MATH = YES;
				ONLY_ACTIVE_ARCH = YES;
				SDKROOT = iphoneos;
				SWIFT_ACTIVE_COMPILATION_CONDITIONS = DEBUG;
				SWIFT_OPTIMIZATION_LEVEL = "-Onone";
			};
			name = Debug;
		};
		3AB70CA521ACD60800692A62 /* Release */ = {
			isa = XCBuildConfiguration;
			buildSettings = {
				ALWAYS_SEARCH_USER_PATHS = NO;
				CLANG_ANALYZER_NONNULL = YES;
				CLANG_ANALYZER_NUMBER_OBJECT_CONVERSION = YES_AGGRESSIVE;
				CLANG_CXX_LANGUAGE_STANDARD = "gnu++14";
				CLANG_CXX_LIBRARY = "libc++";
				CLANG_ENABLE_MODULES = YES;
				CLANG_ENABLE_OBJC_ARC = YES;
				CLANG_ENABLE_OBJC_WEAK = YES;
				CLANG_WARN_BLOCK_CAPTURE_AUTORELEASING = YES;
				CLANG_WARN_BOOL_CONVERSION = YES;
				CLANG_WARN_COMMA = YES;
				CLANG_WARN_CONSTANT_CONVERSION = YES;
				CLANG_WARN_DEPRECATED_OBJC_IMPLEMENTATIONS = YES;
				CLANG_WARN_DIRECT_OBJC_ISA_USAGE = YES_ERROR;
				CLANG_WARN_DOCUMENTATION_COMMENTS = YES;
				CLANG_WARN_EMPTY_BODY = YES;
				CLANG_WARN_ENUM_CONVERSION = YES;
				CLANG_WARN_INFINITE_RECURSION = YES;
				CLANG_WARN_INT_CONVERSION = YES;
				CLANG_WARN_NON_LITERAL_NULL_CONVERSION = YES;
				CLANG_WARN_OBJC_IMPLICIT_RETAIN_SELF = YES;
				CLANG_WARN_OBJC_LITERAL_CONVERSION = YES;
				CLANG_WARN_OBJC_ROOT_CLASS = YES_ERROR;
				CLANG_WARN_RANGE_LOOP_ANALYSIS = YES;
				CLANG_WARN_STRICT_PROTOTYPES = YES;
				CLANG_WARN_SUSPICIOUS_MOVE = YES;
				CLANG_WARN_UNGUARDED_AVAILABILITY = YES_AGGRESSIVE;
				CLANG_WARN_UNREACHABLE_CODE = YES;
				CLANG_WARN__DUPLICATE_METHOD_MATCH = YES;
				CODE_SIGN_IDENTITY = "iPhone Developer";
				COPY_PHASE_STRIP = NO;
				DEBUG_INFORMATION_FORMAT = "dwarf-with-dsym";
				ENABLE_NS_ASSERTIONS = NO;
				ENABLE_STRICT_OBJC_MSGSEND = YES;
				GCC_C_LANGUAGE_STANDARD = gnu11;
				GCC_NO_COMMON_BLOCKS = YES;
				GCC_WARN_64_TO_32_BIT_CONVERSION = YES;
				GCC_WARN_ABOUT_RETURN_TYPE = YES_ERROR;
				GCC_WARN_UNDECLARED_SELECTOR = YES;
				GCC_WARN_UNINITIALIZED_AUTOS = YES_AGGRESSIVE;
				GCC_WARN_UNUSED_FUNCTION = YES;
				GCC_WARN_UNUSED_VARIABLE = YES;
				IPHONEOS_DEPLOYMENT_TARGET = 12.1;
				MTL_ENABLE_DEBUG_INFO = NO;
				MTL_FAST_MATH = YES;
				SDKROOT = iphoneos;
				SWIFT_COMPILATION_MODE = wholemodule;
				SWIFT_OPTIMIZATION_LEVEL = "-O";
				VALIDATE_PRODUCT = YES;
			};
			name = Release;
		};
		3AB70CA721ACD60800692A62 /* Debug */ = {
			isa = XCBuildConfiguration;
			buildSettings = {
				ASSETCATALOG_COMPILER_APPICON_NAME = AppIcon;
				CODE_SIGN_STYLE = Automatic;
				DEVELOPMENT_TEAM = A9KH5WMYTC;
				INFOPLIST_FILE = ProjectTemplate/Info.plist;
				LD_RUNPATH_SEARCH_PATHS = (
					"$(inherited)",
					"@executable_path/Frameworks",
				);
				PRODUCT_BUNDLE_IDENTIFIER = cc.cloudist.ProjectTemplate;
				PRODUCT_NAME = "$(TARGET_NAME)";
				SWIFT_VERSION = 4.2;
				TARGETED_DEVICE_FAMILY = "1,2";
			};
			name = Debug;
		};
		3AB70CA821ACD60800692A62 /* Release */ = {
			isa = XCBuildConfiguration;
			buildSettings = {
				ASSETCATALOG_COMPILER_APPICON_NAME = AppIcon;
				CODE_SIGN_STYLE = Automatic;
				DEVELOPMENT_TEAM = A9KH5WMYTC;
				INFOPLIST_FILE = ProjectTemplate/Info.plist;
				LD_RUNPATH_SEARCH_PATHS = (
					"$(inherited)",
					"@executable_path/Frameworks",
				);
				PRODUCT_BUNDLE_IDENTIFIER = cc.cloudist.ProjectTemplate;
				PRODUCT_NAME = "$(TARGET_NAME)";
				SWIFT_VERSION = 4.2;
				TARGETED_DEVICE_FAMILY = "1,2";
			};
			name = Release;
		};
		3AB70CAA21ACD60800692A62 /* Debug */ = {
			isa = XCBuildConfiguration;
			buildSettings = {
				ALWAYS_EMBED_SWIFT_STANDARD_LIBRARIES = YES;
				BUNDLE_LOADER = "$(TEST_HOST)";
				CODE_SIGN_STYLE = Automatic;
				DEVELOPMENT_TEAM = A9KH5WMYTC;
				INFOPLIST_FILE = ProjectTemplateTests/Info.plist;
				LD_RUNPATH_SEARCH_PATHS = (
					"$(inherited)",
					"@executable_path/Frameworks",
					"@loader_path/Frameworks",
				);
				PRODUCT_BUNDLE_IDENTIFIER = cc.cloudist.ProjectTemplateTests;
				PRODUCT_NAME = "$(TARGET_NAME)";
				SWIFT_VERSION = 4.2;
				TARGETED_DEVICE_FAMILY = "1,2";
				TEST_HOST = "$(BUILT_PRODUCTS_DIR)/ProjectTemplate.app/ProjectTemplate";
			};
			name = Debug;
		};
		3AB70CAB21ACD60800692A62 /* Release */ = {
			isa = XCBuildConfiguration;
			buildSettings = {
				ALWAYS_EMBED_SWIFT_STANDARD_LIBRARIES = YES;
				BUNDLE_LOADER = "$(TEST_HOST)";
				CODE_SIGN_STYLE = Automatic;
				DEVELOPMENT_TEAM = A9KH5WMYTC;
				INFOPLIST_FILE = ProjectTemplateTests/Info.plist;
				LD_RUNPATH_SEARCH_PATHS = (
					"$(inherited)",
					"@executable_path/Frameworks",
					"@loader_path/Frameworks",
				);
				PRODUCT_BUNDLE_IDENTIFIER = cc.cloudist.ProjectTemplateTests;
				PRODUCT_NAME = "$(TARGET_NAME)";
				SWIFT_VERSION = 4.2;
				TARGETED_DEVICE_FAMILY = "1,2";
				TEST_HOST = "$(BUILT_PRODUCTS_DIR)/ProjectTemplate.app/ProjectTemplate";
			};
			name = Release;
		};
		3AB70CAD21ACD60800692A62 /* Debug */ = {
			isa = XCBuildConfiguration;
			buildSettings = {
				ALWAYS_EMBED_SWIFT_STANDARD_LIBRARIES = YES;
				CODE_SIGN_STYLE = Automatic;
				DEVELOPMENT_TEAM = A9KH5WMYTC;
				INFOPLIST_FILE = ProjectTemplateUITests/Info.plist;
				LD_RUNPATH_SEARCH_PATHS = (
					"$(inherited)",
					"@executable_path/Frameworks",
					"@loader_path/Frameworks",
				);
				PRODUCT_BUNDLE_IDENTIFIER = cc.cloudist.ProjectTemplateUITests;
				PRODUCT_NAME = "$(TARGET_NAME)";
				SWIFT_VERSION = 4.2;
				TARGETED_DEVICE_FAMILY = "1,2";
				TEST_TARGET_NAME = ProjectTemplate;
			};
			name = Debug;
		};
		3AB70CAE21ACD60800692A62 /* Release */ = {
			isa = XCBuildConfiguration;
			buildSettings = {
				ALWAYS_EMBED_SWIFT_STANDARD_LIBRARIES = YES;
				CODE_SIGN_STYLE = Automatic;
				DEVELOPMENT_TEAM = A9KH5WMYTC;
				INFOPLIST_FILE = ProjectTemplateUITests/Info.plist;
				LD_RUNPATH_SEARCH_PATHS = (
					"$(inherited)",
					"@executable_path/Frameworks",
					"@loader_path/Frameworks",
				);
				PRODUCT_BUNDLE_IDENTIFIER = cc.cloudist.ProjectTemplateUITests;
				PRODUCT_NAME = "$(TARGET_NAME)";
				SWIFT_VERSION = 4.2;
				TARGETED_DEVICE_FAMILY = "1,2";
				TEST_TARGET_NAME = ProjectTemplate;
			};
			name = Release;
		};
/* End XCBuildConfiguration section */

/* Begin XCConfigurationList section */
		3AB70C7921ACD60600692A62 /* Build configuration list for PBXProject "ProjectTemplate" */ = {
			isa = XCConfigurationList;
			buildConfigurations = (
				3AB70CA421ACD60800692A62 /* Debug */,
				3AB70CA521ACD60800692A62 /* Release */,
			);
			defaultConfigurationIsVisible = 0;
			defaultConfigurationName = Release;
		};
		3AB70CA621ACD60800692A62 /* Build configuration list for PBXNativeTarget "ProjectTemplate" */ = {
			isa = XCConfigurationList;
			buildConfigurations = (
				3AB70CA721ACD60800692A62 /* Debug */,
				3AB70CA821ACD60800692A62 /* Release */,
			);
			defaultConfigurationIsVisible = 0;
			defaultConfigurationName = Release;
		};
		3AB70CA921ACD60800692A62 /* Build configuration list for PBXNativeTarget "ProjectTemplateTests" */ = {
			isa = XCConfigurationList;
			buildConfigurations = (
				3AB70CAA21ACD60800692A62 /* Debug */,
				3AB70CAB21ACD60800692A62 /* Release */,
			);
			defaultConfigurationIsVisible = 0;
			defaultConfigurationName = Release;
		};
		3AB70CAC21ACD60800692A62 /* Build configuration list for PBXNativeTarget "ProjectTemplateUITests" */ = {
			isa = XCConfigurationList;
			buildConfigurations = (
				3AB70CAD21ACD60800692A62 /* Debug */,
				3AB70CAE21ACD60800692A62 /* Release */,
			);
			defaultConfigurationIsVisible = 0;
			defaultConfigurationName = Release;
		};
/* End XCConfigurationList section */
	};
	rootObject = 3AB70C7621ACD60600692A62 /* Project object */;
}
