PODS:
  - Alamofire (4.8.2)
  - Bugly (2.5.0)
  - Cache (5.2.0)
  - CocoaLumberjack/Core (3.5.3)
  - CocoaLumberjack/Swift (3.5.3):
    - CocoaLumberjack/Core
  - Device (3.1.2)
  - Differentiator (3.1.0)
  - DZNEmptyDataSet (1.8.1)
  - FSPagerView (0.8.3)
  - IQKeyboardManagerSwift (6.4.1)
  - KeychainAccess (3.2.0)
  - Localize-Swift (2.0.0)
  - MBProgressHUD (1.1.0)
  - MJRefresh (3.2.0)
  - Moya/Core (13.0.1):
    - Alamofire (~> 4.1)
    - Result (~> 4.1)
  - Moya/RxSwift (13.0.1):
    - Moya/Core
    - RxSwift (~> 4.0)
  - Nimble (8.0.2)
  - "NSObject+Rx (4.4.1)":
    - RxSwift (~> 4.3)
  - Quick (2.1.0)
  - R.swift (5.0.3):
    - R.swift.Library (~> 5.0.0)
  - R.swift.Library (5.0.1)
  - ReachabilitySwift (4.3.1)
  - Result (4.1.0)
  - RxCocoa (4.5.0):
    - RxSwift (>= 4.4.2, ~> 4.4)
  - RxDataSources (3.1.0):
    - Differentiator (~> 3.0)
    - RxCocoa (~> 4.0)
    - RxSwift (~> 4.0)
  - RxMJ (0.5.0):
    - MJRefresh (~> 3.2.0)
    - RxCocoa (~> 4.5.0)
  - RxSwift (4.5.0)
  - RxSwiftExt (3.4.0):
    - RxSwiftExt/Core (= 3.4.0)
    - RxSwiftExt/RxCocoa (= 3.4.0)
  - RxSwiftExt/Core (3.4.0):
    - RxSwift (~> 4.0)
  - RxSwiftExt/RxCocoa (3.4.0):
    - RxCocoa (~> 4.0)
    - RxSwiftExt/Core
  - RxViewController (0.4.1):
    - RxCocoa (>= 4.0.0)
    - RxSwift (>= 4.0.0)
  - SDWebImage (5.1.0):
    - SDWebImage/Core (= 5.1.0)
  - SDWebImage/Core (5.1.0)
  - SnapKit (5.0.1)
  - SwifterSwift (5.0.0):
    - SwifterSwift/AppKit (= 5.0.0)
    - SwifterSwift/CoreGraphics (= 5.0.0)
    - SwifterSwift/CoreLocation (= 5.0.0)
    - SwifterSwift/Dispatch (= 5.0.0)
    - SwifterSwift/Foundation (= 5.0.0)
    - SwifterSwift/MapKit (= 5.0.0)
    - SwifterSwift/SpriteKit (= 5.0.0)
    - SwifterSwift/SwiftStdlib (= 5.0.0)
    - SwifterSwift/UIKit (= 5.0.0)
  - SwifterSwift/AppKit (5.0.0)
  - SwifterSwift/CoreGraphics (5.0.0)
  - SwifterSwift/CoreLocation (5.0.0)
  - SwifterSwift/Dispatch (5.0.0)
  - SwifterSwift/Foundation (5.0.0)
  - SwifterSwift/MapKit (5.0.0)
  - SwifterSwift/SpriteKit (5.0.0)
  - SwifterSwift/SwiftStdlib (5.0.0)
  - SwifterSwift/UIKit (5.0.0)
  - SwiftLint (0.34.0)
  - UIFontComplete (4.0.0)
  - "UITextView+Placeholder (1.3.1)"

DEPENDENCIES:
  - Alamofire
  - Bugly
  - Cache
  - CocoaLumberjack/Swift
  - Device
  - DZNEmptyDataSet
  - FSPagerView
  - IQKeyboardManagerSwift
  - KeychainAccess
  - Localize-Swift
  - MBProgressHUD
  - MJRefresh
  - Moya/RxSwift
  - Nimble
  - "NSObject+Rx"
  - Quick
  - R.swift
  - ReachabilitySwift
  - RxCocoa
  - RxDataSources
  - RxMJ
  - RxSwiftExt
  - RxViewController
  - SDWebImage
  - SnapKit
  - SwifterSwift
  - SwiftLint
  - UIFontComplete
  - "UITextView+Placeholder"

SPEC REPOS:
  trunk:
    - Alamofire
    - Bugly
    - Cache
    - CocoaLumberjack
    - Device
    - Differentiator
    - DZNEmptyDataSet
    - FSPagerView
    - IQKeyboardManagerSwift
    - KeychainAccess
    - Localize-Swift
    - MBProgressHUD
    - MJRefresh
    - Moya
    - Nimble
    - "NSObject+Rx"
    - Quick
    - R.swift
    - R.swift.Library
    - ReachabilitySwift
    - Result
    - RxCocoa
    - RxDataSources
    - RxMJ
    - RxSwift
    - RxSwiftExt
    - RxViewController
    - SDWebImage
    - SnapKit
    - SwifterSwift
    - SwiftLint
    - UIFontComplete
    - "UITextView+Placeholder"

SPEC CHECKSUMS:
  Alamofire: ae5c501addb7afdbb13687d7f2f722c78734c2d3
  Bugly: 3ca9f255c01025582df26f9222893b383c7e4b4e
  Cache: 807c5d86d01a177f06ede9865add3aea269bbfd4
  CocoaLumberjack: 2f44e60eb91c176d471fdba43b9e3eae6a721947
  Device: 62242076214c30fb5760174b3601cefafa70a481
  Differentiator: be49ca3408f0ecfc761e4c7763d20c62be01b9ad
  DZNEmptyDataSet: 9525833b9e68ac21c30253e1d3d7076cc828eaa7
  FSPagerView: 670405b2f18e2a87fa37f20b00de783e562c25a8
  IQKeyboardManagerSwift: d2df660d0b8d64a15cb2537c9ff303213fa515b2
  KeychainAccess: 3b1bf8a77eb4c6ea1ce9404c292e48f948954c6b
  Localize-Swift: c798ec9286494866f7068f85f7c71283ac5bdab4
  MBProgressHUD: e7baa36a220447d8aeb12769bf0585582f3866d9
  MJRefresh: ed450d6eb9d3346a2cb033ab7eb6de090aeef437
  Moya: f4a4b80ff2f8a4ffc208dfb31cd91636622fee6e
  Nimble: 622629381bda1dd5678162f21f1368cec7cbba60
  "NSObject+Rx": 9884a92f19b610795c431e10b4e601913b59c9e9
  Quick: 4be43f6634acfa727dd106bdf3929ce125ffa79d
  R.swift: f5a87643b91ea569d23d6afb3eee9c743edde239
  R.swift.Library: cfe85d569d9bae6cb262922db130e7c3a7a5fad1
  ReachabilitySwift: 4032e2f59586e11e3b0ebe15b167abdd587a388b
  Result: bd966fac789cc6c1563440b348ab2598cc24d5c7
  RxCocoa: cbf70265dc65a981d4ac982e513c10cf23df24a0
  RxDataSources: a843bad90c29817f5923ec8163f4af2de084ceb3
  RxMJ: 869a301f46073c4ad5959719ccff20bb524b29e0
  RxSwift: f172070dfd1a93d70a9ab97a5a01166206e1c575
  RxSwiftExt: 01f8ecbeeb355698e9c75365ebe908b00dacf45d
  RxViewController: e93e7c233d5b5b62c32231d69726d55f54081bc6
  SDWebImage: fb387001955223213dde14bc08c8b73f371f8d8f
  SnapKit: 97b92857e3df3a0c71833cce143274bf6ef8e5eb
  SwifterSwift: 96f90594b370802f01647c2b1229c74a84ffafee
  SwiftLint: 79d48a17c6565dc286c37efb8322c7b450f95c67
  UIFontComplete: 9542d390ee6114412a585d979b09fe820896695d
  "UITextView+Placeholder": f23df8592290d8d06078072ae1a663e11ee07ff4

PODFILE CHECKSUM: 25e5cc2cae1c672bc9ac10c9428dfe978bba881f

COCOAPODS: 1.8.3
